
Microsoft Visual Studio Solution File, Format Version 12.00
# Visual Studio 15
VisualStudioVersion = 15.0.28010.2046
MinimumVisualStudioVersion = 10.0.40219.1
Project("{FAE04EC0-301F-11D3-BF4B-00C04F79EFBC}") = "AccessToResourceInProject", "AccessToResourceInProject\AccessToResourceInProject.csproj", "{3664E1E7-1476-421B-933D-05275458BEC6}"
EndProject
Global
	GlobalSection(SolutionConfigurationPlatforms) = preSolution
		Debug|Any CPU = Debug|Any CPU
		Release|Any CPU = Release|Any CPU
	EndGlobalSection
	GlobalSection(ProjectConfigurationPlatforms) = postSolution
		{3664E1E7-1476-421B-933D-05275458BEC6}.Debug|Any CPU.ActiveCfg = Debug|Any CPU
		{3664E1E7-1476-421B-933D-05275458BEC6}.Debug|Any CPU.Build.0 = Debug|Any CPU
		{3664E1E7-1476-421B-933D-05275458BEC6}.Release|Any CPU.ActiveCfg = Release|Any CPU
		{3664E1E7-1476-421B-933D-05275458BEC6}.Release|Any CPU.Build.0 = Release|Any CPU
	EndGlobalSection
	GlobalSection(SolutionProperties) = preSolution
		HideSolutionNode = FALSE
	EndGlobalSection
	GlobalSection(ExtensibilityGlobals) = postSolution
		SolutionGuid = {D3DC0F7D-453D-41FC-9630-1E6315021580}
	EndGlobalSection
EndGlobal
